
Microsoft Visual Studio Solution File, Format Version 12.00
# Visual Studio Version 17
VisualStudioVersion = 17.0.31903.59
MinimumVisualStudioVersion = 10.0.40219.1
Project("{FAE04EC0-301F-11D3-BF4B-00C04F79EFBC}") = "10xCards.Frontend", "10xCards.Frontend\10xCards.Frontend.csproj", "{D8053C6A-4277-4910-9B00-0FFE0E237D55}"
EndProject
Project("{FAE04EC0-301F-11D3-BF4B-00C04F79EFBC}") = "10xCards.API", "10xCards.API\10xCards.API.csproj", "{160A2D7B-F790-42FC-A029-CE912A11A459}"
EndProject
Global
	GlobalSection(SolutionConfigurationPlatforms) = preSolution
		Debug|Any CPU = Debug|Any CPU
		Debug|x64 = Debug|x64
		Debug|x86 = Debug|x86
		Release|Any CPU = Release|Any CPU
		Release|x64 = Release|x64
		Release|x86 = Release|x86
	EndGlobalSection
	GlobalSection(ProjectConfigurationPlatforms) = postSolution
		{D8053C6A-4277-4910-9B00-0FFE0E237D55}.Debug|Any CPU.ActiveCfg = Debug|Any CPU
		{D8053C6A-4277-4910-9B00-0FFE0E237D55}.Debug|Any CPU.Build.0 = Debug|Any CPU
		{D8053C6A-4277-4910-9B00-0FFE0E237D55}.Debug|x64.ActiveCfg = Debug|Any CPU
		{D8053C6A-4277-4910-9B00-0FFE0E237D55}.Debug|x64.Build.0 = Debug|Any CPU
		{D8053C6A-4277-4910-9B00-0FFE0E237D55}.Debug|x86.ActiveCfg = Debug|Any CPU
		{D8053C6A-4277-4910-9B00-0FFE0E237D55}.Debug|x86.Build.0 = Debug|Any CPU
		{D8053C6A-4277-4910-9B00-0FFE0E237D55}.Release|Any CPU.ActiveCfg = Release|Any CPU
		{D8053C6A-4277-4910-9B00-0FFE0E237D55}.Release|Any CPU.Build.0 = Release|Any CPU
		{D8053C6A-4277-4910-9B00-0FFE0E237D55}.Release|x64.ActiveCfg = Release|Any CPU
		{D8053C6A-4277-4910-9B00-0FFE0E237D55}.Release|x64.Build.0 = Release|Any CPU
		{D8053C6A-4277-4910-9B00-0FFE0E237D55}.Release|x86.ActiveCfg = Release|Any CPU
		{D8053C6A-4277-4910-9B00-0FFE0E237D55}.Release|x86.Build.0 = Release|Any CPU
		{160A2D7B-F790-42FC-A029-CE912A11A459}.Debug|Any CPU.ActiveCfg = Debug|Any CPU
		{160A2D7B-F790-42FC-A029-CE912A11A459}.Debug|Any CPU.Build.0 = Debug|Any CPU
		{160A2D7B-F790-42FC-A029-CE912A11A459}.Debug|x64.ActiveCfg = Debug|Any CPU
		{160A2D7B-F790-42FC-A029-CE912A11A459}.Debug|x64.Build.0 = Debug|Any CPU
		{160A2D7B-F790-42FC-A029-CE912A11A459}.Debug|x86.ActiveCfg = Debug|Any CPU
		{160A2D7B-F790-42FC-A029-CE912A11A459}.Debug|x86.Build.0 = Debug|Any CPU
		{160A2D7B-F790-42FC-A029-CE912A11A459}.Release|Any CPU.ActiveCfg = Release|Any CPU
		{160A2D7B-F790-42FC-A029-CE912A11A459}.Release|Any CPU.Build.0 = Release|Any CPU
		{160A2D7B-F790-42FC-A029-CE912A11A459}.Release|x64.ActiveCfg = Release|Any CPU
		{160A2D7B-F790-42FC-A029-CE912A11A459}.Release|x64.Build.0 = Release|Any CPU
		{160A2D7B-F790-42FC-A029-CE912A11A459}.Release|x86.ActiveCfg = Release|Any CPU
		{160A2D7B-F790-42FC-A029-CE912A11A459}.Release|x86.Build.0 = Release|Any CPU
	EndGlobalSection
	GlobalSection(SolutionProperties) = preSolution
		HideSolutionNode = FALSE
	EndGlobalSection
EndGlobal
